
Microsoft Visual Studio Solution File, Format Version 12.00
# Visual Studio Version 16
VisualStudioVersion = 16.0.30523.141
MinimumVisualStudioVersion = 10.0.40219.1
Project("{FAE04EC0-301F-11D3-BF4B-00C04F79EFBC}") = "RadioButton", "RadioButton\RadioButton.csproj", "{05D7839B-4FD3-4F30-8AF0-EFB2DE402966}"
EndProject
Global
	GlobalSection(SolutionConfigurationPlatforms) = preSolution
		Debug|Any CPU = Debug|Any CPU
		Release|Any CPU = Release|Any CPU
	EndGlobalSection
	GlobalSection(ProjectConfigurationPlatforms) = postSolution
		{05D7839B-4FD3-4F30-8AF0-EFB2DE402966}.Debug|Any CPU.ActiveCfg = Debug|Any CPU
		{05D7839B-4FD3-4F30-8AF0-EFB2DE402966}.Debug|Any CPU.Build.0 = Debug|Any CPU
		{05D7839B-4FD3-4F30-8AF0-EFB2DE402966}.Release|Any CPU.ActiveCfg = Release|Any CPU
		{05D7839B-4FD3-4F30-8AF0-EFB2DE402966}.Release|Any CPU.Build.0 = Release|Any CPU
	EndGlobalSection
	GlobalSection(SolutionProperties) = preSolution
		HideSolutionNode = FALSE
	EndGlobalSection
	GlobalSection(ExtensibilityGlobals) = postSolution
		SolutionGuid = {BFD48C77-8256-4077-8042-140A22338AE3}
	EndGlobalSection
EndGlobal
